Microsoft Visual Studio Solution File, Format Version 12.00
# Visual Studio Version 17
VisualStudioVersion = 17.5.2.0
MinimumVisualStudioVersion = 10.0.40219.1
Project("{FAE04EC0-301F-11D3-BF4B-00C04F79EFBC}") = "OpalToolsCSharpTraining", "OpalToolsCSharpTraining\OpalToolsCSharpTraining.csproj", "{441DF4D4-550E-13E2-FA4A-A68A8765B332}"
EndProject
Global
	GlobalSection(SolutionConfigurationPlatforms) = preSolution
		Debug|Any CPU = Debug|Any CPU
		Release|Any CPU = Release|Any CPU
	EndGlobalSection
	GlobalSection(ProjectConfigurationPlatforms) = postSolution
		{441DF4D4-550E-13E2-FA4A-A68A8765B332}.Debug|Any CPU.ActiveCfg = Debug|Any CPU
		{441DF4D4-550E-13E2-FA4A-A68A8765B332}.Debug|Any CPU.Build.0 = Debug|Any CPU
		{441DF4D4-550E-13E2-FA4A-A68A8765B332}.Release|Any CPU.ActiveCfg = Release|Any CPU
		{441DF4D4-550E-13E2-FA4A-A68A8765B332}.Release|Any CPU.Build.0 = Release|Any CPU
	EndGlobalSection
	GlobalSection(SolutionProperties) = preSolution
		HideSolutionNode = FALSE
	EndGlobalSection
	GlobalSection(ExtensibilityGlobals) = postSolution
		SolutionGuid = {0E550D59-7439-47B6-A22A-FA52DB6F676A}
	EndGlobalSection
EndGlobal
